
Microsoft Visual Studio Solution File, Format Version 12.00
# Visual Studio 15
VisualStudioVersion = 15.0.27428.2005
MinimumVisualStudioVersion = 10.0.40219.1
Project("{FAE04EC0-301F-11D3-BF4B-00C04F79EFBC}") = "PDMSFrame", "PDMSFrame\PDMSFrame.csproj", "{37EB8074-8592-4DCE-86C3-1EEF8FAE83EA}"
EndProject
Global
	GlobalSection(SolutionConfigurationPlatforms) = preSolution
		Debug|Any CPU = Debug|Any CPU
		Release|Any CPU = Release|Any CPU
	EndGlobalSection
	GlobalSection(ProjectConfigurationPlatforms) = postSolution
		{37EB8074-8592-4DCE-86C3-1EEF8FAE83EA}.Debug|Any CPU.ActiveCfg = Debug|Any CPU
		{37EB8074-8592-4DCE-86C3-1EEF8FAE83EA}.Debug|Any CPU.Build.0 = Debug|Any CPU
		{37EB8074-8592-4DCE-86C3-1EEF8FAE83EA}.Release|Any CPU.ActiveCfg = Release|Any CPU
		{37EB8074-8592-4DCE-86C3-1EEF8FAE83EA}.Release|Any CPU.Build.0 = Release|Any CPU
	EndGlobalSection
	GlobalSection(SolutionProperties) = preSolution
		HideSolutionNode = FALSE
	EndGlobalSection
	GlobalSection(ExtensibilityGlobals) = postSolution
		SolutionGuid = {8A4B3319-4887-4144-8106-1878ADE13A26}
	EndGlobalSection
EndGlobal
